
Microsoft Visual Studio Solution File, Format Version 12.00
# Visual Studio Version 16
VisualStudioVersion = 16.0.30804.86
MinimumVisualStudioVersion = 10.0.40219.1
Project("{8BC9CEB8-8B4A-11D0-8D11-00A0C91BC942}") = "Algorithm", "Algorithm\Algorithm.vcxproj", "{04C8C115-8DCA-44F3-AE0D-ABBA456B73AF}"
EndProject
Project("{8BC9CEB8-8B4A-11D0-8D11-00A0C91BC942}") = "Maze", "Maze\Maze.vcxproj", "{31AA3D60-3C8A-4351-A324-71FAE27E2A40}"
EndProject
Global
	GlobalSection(SolutionConfigurationPlatforms) = preSolution
		Debug|x64 = Debug|x64
		Debug|x86 = Debug|x86
		Release|x64 = Release|x64
		Release|x86 = Release|x86
	EndGlobalSection
	GlobalSection(ProjectConfigurationPlatforms) = postSolution
		{04C8C115-8DCA-44F3-AE0D-ABBA456B73AF}.Debug|x64.ActiveCfg = Debug|x64
		{04C8C115-8DCA-44F3-AE0D-ABBA456B73AF}.Debug|x64.Build.0 = Debug|x64
		{04C8C115-8DCA-44F3-AE0D-ABBA456B73AF}.Debug|x86.ActiveCfg = Debug|Win32
		{04C8C115-8DCA-44F3-AE0D-ABBA456B73AF}.Debug|x86.Build.0 = Debug|Win32
		{04C8C115-8DCA-44F3-AE0D-ABBA456B73AF}.Release|x64.ActiveCfg = Release|x64
		{04C8C115-8DCA-44F3-AE0D-ABBA456B73AF}.Release|x64.Build.0 = Release|x64
		{04C8C115-8DCA-44F3-AE0D-ABBA456B73AF}.Release|x86.ActiveCfg = Release|Win32
		{04C8C115-8DCA-44F3-AE0D-ABBA456B73AF}.Release|x86.Build.0 = Release|Win32
		{31AA3D60-3C8A-4351-A324-71FAE27E2A40}.Debug|x64.ActiveCfg = Debug|x64
		{31AA3D60-3C8A-4351-A324-71FAE27E2A40}.Debug|x64.Build.0 = Debug|x64
		{31AA3D60-3C8A-4351-A324-71FAE27E2A40}.Debug|x86.ActiveCfg = Debug|Win32
		{31AA3D60-3C8A-4351-A324-71FAE27E2A40}.Debug|x86.Build.0 = Debug|Win32
		{31AA3D60-3C8A-4351-A324-71FAE27E2A40}.Release|x64.ActiveCfg = Release|x64
		{31AA3D60-3C8A-4351-A324-71FAE27E2A40}.Release|x64.Build.0 = Release|x64
		{31AA3D60-3C8A-4351-A324-71FAE27E2A40}.Release|x86.ActiveCfg = Release|Win32
		{31AA3D60-3C8A-4351-A324-71FAE27E2A40}.Release|x86.Build.0 = Release|Win32
	EndGlobalSection
	GlobalSection(SolutionProperties) = preSolution
		HideSolutionNode = FALSE
	EndGlobalSection
	GlobalSection(ExtensibilityGlobals) = postSolution
		SolutionGuid = {A422B895-02CB-40F1-B99A-354692F718E0}
	EndGlobalSection
EndGlobal
