
Microsoft Visual Studio Solution File, Format Version 12.00
# Visual Studio Version 16
VisualStudioVersion = 16.0.32510.428
MinimumVisualStudioVersion = 10.0.40219.1
Project("{8BC9CEB8-8B4A-11D0-8D11-00A0C91BC942}") = "EX4", "EX4.vcxproj", "{7430BD33-1763-40C0-A4B4-6ED2E889B551}"
EndProject
Global
	GlobalSection(SolutionConfigurationPlatforms) = preSolution
		Debug|x64 = Debug|x64
		Debug|x86 = Debug|x86
		Release|x64 = Release|x64
		Release|x86 = Release|x86
	EndGlobalSection
	GlobalSection(ProjectConfigurationPlatforms) = postSolution
		{7430BD33-1763-40C0-A4B4-6ED2E889B551}.Debug|x64.ActiveCfg = Debug|x64
		{7430BD33-1763-40C0-A4B4-6ED2E889B551}.Debug|x64.Build.0 = Debug|x64
		{7430BD33-1763-40C0-A4B4-6ED2E889B551}.Debug|x86.ActiveCfg = Debug|Win32
		{7430BD33-1763-40C0-A4B4-6ED2E889B551}.Debug|x86.Build.0 = Debug|Win32
		{7430BD33-1763-40C0-A4B4-6ED2E889B551}.Release|x64.ActiveCfg = Release|x64
		{7430BD33-1763-40C0-A4B4-6ED2E889B551}.Release|x64.Build.0 = Release|x64
		{7430BD33-1763-40C0-A4B4-6ED2E889B551}.Release|x86.ActiveCfg = Release|Win32
		{7430BD33-1763-40C0-A4B4-6ED2E889B551}.Release|x86.Build.0 = Release|Win32
	EndGlobalSection
	GlobalSection(SolutionProperties) = preSolution
		HideSolutionNode = FALSE
	EndGlobalSection
	GlobalSection(ExtensibilityGlobals) = postSolution
		SolutionGuid = {447DFE17-6CB6-4C11-B173-80F1F6F8ACAC}
	EndGlobalSection
EndGlobal
